
Microsoft Visual Studio Solution File, Format Version 12.00
# Visual Studio Version 17
VisualStudioVersion = 17.0.31903.59
MinimumVisualStudioVersion = 10.0.40219.1
Project("{FAE04EC0-301F-11D3-BF4B-00C04F79EFBC}") = "Dust", "Dust\Dust.csproj", "{0F40B673-F5B2-49E3-B92E-5A657387AF9E}"
EndProject
Project("{FAE04EC0-301F-11D3-BF4B-00C04F79EFBC}") = "DustTest", "DustTest\DustTest.csproj", "{30DC0486-D597-4A71-89D1-A62336A255C1}"
EndProject
Project("{FAE04EC0-301F-11D3-BF4B-00C04F79EFBC}") = "TileCraft", "TileCraft\TileCraft.csproj", "{87BB9990-5437-469B-B050-2B95940D2D5D}"
EndProject
Global
	GlobalSection(SolutionConfigurationPlatforms) = preSolution
		Debug|Any CPU = Debug|Any CPU
		Release|Any CPU = Release|Any CPU
	EndGlobalSection
	GlobalSection(SolutionProperties) = preSolution
		HideSolutionNode = FALSE
	EndGlobalSection
	GlobalSection(ProjectConfigurationPlatforms) = postSolution
		{0F40B673-F5B2-49E3-B92E-5A657387AF9E}.Debug|Any CPU.ActiveCfg = Debug|Any CPU
		{0F40B673-F5B2-49E3-B92E-5A657387AF9E}.Debug|Any CPU.Build.0 = Debug|Any CPU
		{0F40B673-F5B2-49E3-B92E-5A657387AF9E}.Release|Any CPU.ActiveCfg = Release|Any CPU
		{0F40B673-F5B2-49E3-B92E-5A657387AF9E}.Release|Any CPU.Build.0 = Release|Any CPU
		{30DC0486-D597-4A71-89D1-A62336A255C1}.Debug|Any CPU.ActiveCfg = Debug|Any CPU
		{30DC0486-D597-4A71-89D1-A62336A255C1}.Debug|Any CPU.Build.0 = Debug|Any CPU
		{30DC0486-D597-4A71-89D1-A62336A255C1}.Release|Any CPU.ActiveCfg = Release|Any CPU
		{30DC0486-D597-4A71-89D1-A62336A255C1}.Release|Any CPU.Build.0 = Release|Any CPU
		{87BB9990-5437-469B-B050-2B95940D2D5D}.Debug|Any CPU.ActiveCfg = Debug|Any CPU
		{87BB9990-5437-469B-B050-2B95940D2D5D}.Debug|Any CPU.Build.0 = Debug|Any CPU
		{87BB9990-5437-469B-B050-2B95940D2D5D}.Release|Any CPU.ActiveCfg = Release|Any CPU
		{87BB9990-5437-469B-B050-2B95940D2D5D}.Release|Any CPU.Build.0 = Release|Any CPU
	EndGlobalSection
EndGlobal
